{
  "nodes": {
    "binsider": {
      "inputs": {
        "flake-utils": "flake-utils",
        "naersk": "naersk",
        "nixpkgs": [
          "nixpkgs"
        ]
      },
      "locked": {
        "lastModified": 1730184151,
        "narHash": "sha256-Nv1tqMKB6j8s/KZjHoHpAP7kdtoDXTZliVYu0aqTEN4=",
        "owner": "orhun",
        "repo": "binsider",
        "rev": "09137d28f0d32beda55576042966c444b698b686",
        "type": "github"
      },
      "original": {
        "owner": "orhun",
        "repo": "binsider",
        "type": "github"
      }
    },
    "flake-utils": {
      "inputs": {
        "systems": "systems"
      },
      "locked": {
        "lastModified": 1726560853,
        "narHash": "sha256-X6rJYSESBVr3hBoH0WbKE5KvhPU5bloyZ2L4K60/fPQ=",
        "owner": "numtide",
        "repo": "flake-utils",
        "rev": "c1dfcf08411b08f6b8615f7d8971a2bfa81d5e8a",
        "type": "github"
      },
      "original": {
        "owner": "numtide",
        "repo": "flake-utils",
        "type": "github"
      }
    },
    "naersk": {
      "inputs": {
        "nixpkgs": [
          "binsider",
          "nixpkgs"
        ]
      },
      "locked": {
        "lastModified": 1721727458,
        "narHash": "sha256-r/xppY958gmZ4oTfLiHN0ZGuQ+RSTijDblVgVLFi1mw=",
        "owner": "nix-community",
        "repo": "naersk",
        "rev": "3fb418eaf352498f6b6c30592e3beb63df42ef11",
        "type": "github"
      },
      "original": {
        "owner": "nix-community",
        "repo": "naersk",
        "type": "github"
      }
    },
    "nixpkgs": {
      "locked": {
        "lastModified": 1732837521,
        "narHash": "sha256-jNRNr49UiuIwaarqijgdTR2qLPifxsVhlJrKzQ8XUIE=",
        "owner": "NixOS",
        "repo": "nixpkgs",
        "rev": "970e93b9f82e2a0f3675757eb0bfc73297cc6370",
        "type": "github"
      },
      "original": {
        "owner": "NixOS",
        "ref": "nixos-unstable",
        "repo": "nixpkgs",
        "type": "github"
      }
    },
    "root": {
      "inputs": {
        "binsider": "binsider",
        "nixpkgs": "nixpkgs"
      }
    },
    "systems": {
      "locked": {
        "lastModified": 1681028828,
        "narHash": "sha256-Vy1rq5AaRuLzOxct8nz4T6wlgyUR7zLU309k9mBC768=",
        "owner": "nix-systems",
        "repo": "default",
        "rev": "da67096a3b9bf56a91d16901293e51ba5b49a27e",
        "type": "github"
      },
      "original": {
        "owner": "nix-systems",
        "repo": "default",
        "type": "github"
      }
    }
  },
  "root": "root",
  "version": 7
}
